Microsoft Visual Studio Solution File, Format Version 12.00
# Visual Studio 14
VisualStudioVersion = 14.0.25420.1
MinimumVisualStudioVersion = 10.0.40219.1
Project("{8BC9CEB8-8B4A-11D0-8D11-00A0C91BC942}") = "openframeworksLib", "..\..\..\libs\openFrameworksCompiled\project\vs\openframeworksLib.vcxproj", "{5837595D-ACA9-485C-8E76-729040CE4B0B}"
EndProject
Project("{8BC9CEB8-8B4A-11D0-8D11-00A0C91BC942}") = "ofxKinectForWindows2Lib", "..\..\..\addons\ofxKinectForWindows2\ofxKinectForWindows2Lib\ofxKinectForWindows2Lib.vcxproj", "{F6008D6A-6D39-4B68-840E-E7AC8ED855DA}"
EndProject
Project("{8BC9CEB8-8B4A-11D0-8D11-00A0C91BC942}") = "barim", "barim.vcxproj", "{F1B43872-71C1-4DF1-8508-2719386D7018}"
EndProject
Project("{8BC9CEB8-8B4A-11D0-8D11-00A0C91BC942}") = "chuck", "lib\chuck\src\visual-studio\chuck.vcxproj", "{C83D6D51-D477-4BAB-B2C2-F0698B9D3FB1}"
EndProject
Global
	GlobalSection(SolutionConfigurationPlatforms) = preSolution
		Debug|Win32 = Debug|Win32
		Debug|x64 = Debug|x64
		Release|Win32 = Release|Win32
		Release|x64 = Release|x64
	EndGlobalSection
	GlobalSection(ProjectConfigurationPlatforms) = postSolution
		{5837595D-ACA9-485C-8E76-729040CE4B0B}.Debug|Win32.ActiveCfg = Debug|Win32
		{5837595D-ACA9-485C-8E76-729040CE4B0B}.Debug|Win32.Build.0 = Debug|Win32
		{5837595D-ACA9-485C-8E76-729040CE4B0B}.Debug|x64.ActiveCfg = Debug|x64
		{5837595D-ACA9-485C-8E76-729040CE4B0B}.Debug|x64.Build.0 = Debug|x64
		{5837595D-ACA9-485C-8E76-729040CE4B0B}.Release|Win32.ActiveCfg = Release|Win32
		{5837595D-ACA9-485C-8E76-729040CE4B0B}.Release|Win32.Build.0 = Release|Win32
		{5837595D-ACA9-485C-8E76-729040CE4B0B}.Release|x64.ActiveCfg = Release|x64
		{5837595D-ACA9-485C-8E76-729040CE4B0B}.Release|x64.Build.0 = Release|x64
		{F6008D6A-6D39-4B68-840E-E7AC8ED855DA}.Debug|Win32.ActiveCfg = Debug|Win32
		{F6008D6A-6D39-4B68-840E-E7AC8ED855DA}.Debug|Win32.Build.0 = Debug|Win32
		{F6008D6A-6D39-4B68-840E-E7AC8ED855DA}.Debug|x64.ActiveCfg = Debug|x64
		{F6008D6A-6D39-4B68-840E-E7AC8ED855DA}.Debug|x64.Build.0 = Debug|x64
		{F6008D6A-6D39-4B68-840E-E7AC8ED855DA}.Release|Win32.ActiveCfg = Release|Win32
		{F6008D6A-6D39-4B68-840E-E7AC8ED855DA}.Release|Win32.Build.0 = Release|Win32
		{F6008D6A-6D39-4B68-840E-E7AC8ED855DA}.Release|x64.ActiveCfg = Release|x64
		{F6008D6A-6D39-4B68-840E-E7AC8ED855DA}.Release|x64.Build.0 = Release|x64
		{F1B43872-71C1-4DF1-8508-2719386D7018}.Debug|Win32.ActiveCfg = Debug|Win32
		{F1B43872-71C1-4DF1-8508-2719386D7018}.Debug|Win32.Build.0 = Debug|Win32
		{F1B43872-71C1-4DF1-8508-2719386D7018}.Debug|x64.ActiveCfg = Debug|x64
		{F1B43872-71C1-4DF1-8508-2719386D7018}.Debug|x64.Build.0 = Debug|x64
		{F1B43872-71C1-4DF1-8508-2719386D7018}.Release|Win32.ActiveCfg = Release|Win32
		{F1B43872-71C1-4DF1-8508-2719386D7018}.Release|Win32.Build.0 = Release|Win32
		{F1B43872-71C1-4DF1-8508-2719386D7018}.Release|x64.ActiveCfg = Release|x64
		{F1B43872-71C1-4DF1-8508-2719386D7018}.Release|x64.Build.0 = Release|x64
		{C83D6D51-D477-4BAB-B2C2-F0698B9D3FB1}.Debug|Win32.ActiveCfg = Debug|Win32
		{C83D6D51-D477-4BAB-B2C2-F0698B9D3FB1}.Debug|Win32.Build.0 = Debug|Win32
		{C83D6D51-D477-4BAB-B2C2-F0698B9D3FB1}.Debug|x64.ActiveCfg = Debug|x64
		{C83D6D51-D477-4BAB-B2C2-F0698B9D3FB1}.Debug|x64.Build.0 = Debug|x64
		{C83D6D51-D477-4BAB-B2C2-F0698B9D3FB1}.Release|Win32.ActiveCfg = Release|Win32
		{C83D6D51-D477-4BAB-B2C2-F0698B9D3FB1}.Release|Win32.Build.0 = Release|Win32
		{C83D6D51-D477-4BAB-B2C2-F0698B9D3FB1}.Release|x64.ActiveCfg = Release|x64
		{C83D6D51-D477-4BAB-B2C2-F0698B9D3FB1}.Release|x64.Build.0 = Release|x64
	EndGlobalSection
	GlobalSection(SolutionProperties) = preSolution
		HideSolutionNode = FALSE
	EndGlobalSection
EndGlobal
