<?xml version="1.0" encoding="utf-8"?>
<Project ToolsVersion="4.0" xmlns="http://schemas.microsoft.com/developer/msbuild/2003">
  <ItemGroup>
    <ClCompile Include="src\ofApp.cpp">
      <Filter>src</Filter>
    </ClCompile>
    <ClCompile Include="src\main.cpp">
      <Filter>src</Filter>
    </ClCompile>
    <ClCompile Include="..\..\..\addons\ofxGui\src\ofxBaseGui.cpp">
      <Filter>addons\ofxGui\src</Filter>
    </ClCompile>
    <ClCompile Include="..\..\..\addons\ofxGui\src\ofxButton.cpp">
      <Filter>addons\ofxGui\src</Filter>
    </ClCompile>
    <ClCompile Include="..\..\..\addons\ofxGui\src\ofxGuiGroup.cpp">
      <Filter>addons\ofxGui\src</Filter>
    </ClCompile>
    <ClCompile Include="..\..\..\addons\ofxGui\src\ofxLabel.cpp">
      <Filter>addons\ofxGui\src</Filter>
    </ClCompile>
    <ClCompile Include="..\..\..\addons\ofxGui\src\ofxPanel.cpp">
      <Filter>addons\ofxGui\src</Filter>
    </ClCompile>
    <ClCompile Include="..\..\..\addons\ofxGui\src\ofxSlider.cpp">
      <Filter>addons\ofxGui\src</Filter>
    </ClCompile>
    <ClCompile Include="..\..\..\addons\ofxGui\src\ofxSliderGroup.cpp">
      <Filter>addons\ofxGui\src</Filter>
    </ClCompile>
    <ClCompile Include="..\..\..\addons\ofxGui\src\ofxToggle.cpp">
      <Filter>addons\ofxGui\src</Filter>
    </ClCompile>
    <ClCompile Include="..\..\..\addons\ofxBox2d\src\ofxBox2d.cpp">
      <Filter>addons\ofxBox2d\src</Filter>
    </ClCompile>
    <ClCompile Include="..\..\..\addons\ofxBox2d\src\ofxBox2dBaseShape.cpp">
      <Filter>addons\ofxBox2d\src</Filter>
    </ClCompile>
    <ClCompile Include="..\..\..\addons\ofxBox2d\src\ofxBox2dCircle.cpp">
      <Filter>addons\ofxBox2d\src</Filter>
    </ClCompile>
    <ClCompile Include="..\..\..\addons\ofxBox2d\src\ofxBox2dConvexPoly.cpp">
      <Filter>addons\ofxBox2d\src</Filter>
    </ClCompile>
    <ClCompile Include="..\..\..\addons\ofxBox2d\src\ofxBox2dEdge.cpp">
      <Filter>addons\ofxBox2d\src</Filter>
    </ClCompile>
    <ClCompile Include="..\..\..\addons\ofxBox2d\src\ofxBox2dJoint.cpp">
      <Filter>addons\ofxBox2d\src</Filter>
    </ClCompile>
    <ClCompile Include="..\..\..\addons\ofxBox2d\src\ofxBox2dPolygon.cpp">
      <Filter>addons\ofxBox2d\src</Filter>
    </ClCompile>
    <ClCompile Include="..\..\..\addons\ofxBox2d\src\ofxBox2dRect.cpp">
      <Filter>addons\ofxBox2d\src</Filter>
    </ClCompile>
    <ClCompile Include="..\..\..\addons\ofxBox2d\libs\Box2D\Collision\b2BroadPhase.cpp">
      <Filter>addons\ofxBox2d\libs\Box2D\Collision</Filter>
    </ClCompile>
    <ClCompile Include="..\..\..\addons\ofxBox2d\libs\Box2D\Collision\b2CollideCircle.cpp">
      <Filter>addons\ofxBox2d\libs\Box2D\Collision</Filter>
    </ClCompile>
    <ClCompile Include="..\..\..\addons\ofxBox2d\libs\Box2D\Collision\b2CollideEdge.cpp">
      <Filter>addons\ofxBox2d\libs\Box2D\Collision</Filter>
    </ClCompile>
    <ClCompile Include="..\..\..\addons\ofxBox2d\libs\Box2D\Collision\b2CollidePolygon.cpp">
      <Filter>addons\ofxBox2d\libs\Box2D\Collision</Filter>
    </ClCompile>
    <ClCompile Include="..\..\..\addons\ofxBox2d\libs\Box2D\Collision\b2Collision.cpp">
      <Filter>addons\ofxBox2d\libs\Box2D\Collision</Filter>
    </ClCompile>
    <ClCompile Include="..\..\..\addons\ofxBox2d\libs\Box2D\Collision\b2Distance.cpp">
      <Filter>addons\ofxBox2d\libs\Box2D\Collision</Filter>
    </ClCompile>
    <ClCompile Include="..\..\..\addons\ofxBox2d\libs\Box2D\Collision\b2DynamicTree.cpp">
      <Filter>addons\ofxBox2d\libs\Box2D\Collision</Filter>
    </ClCompile>
    <ClCompile Include="..\..\..\addons\ofxBox2d\libs\Box2D\Collision\b2TimeOfImpact.cpp">
      <Filter>addons\ofxBox2d\libs\Box2D\Collision</Filter>
    </ClCompile>
    <ClCompile Include="..\..\..\addons\ofxBox2d\libs\Box2D\Collision\Shapes\b2ChainShape.cpp">
      <Filter>addons\ofxBox2d\libs\Box2D\Collision\Shapes</Filter>
    </ClCompile>
    <ClCompile Include="..\..\..\addons\ofxBox2d\libs\Box2D\Collision\Shapes\b2CircleShape.cpp">
      <Filter>addons\ofxBox2d\libs\Box2D\Collision\Shapes</Filter>
    </ClCompile>
    <ClCompile Include="..\..\..\addons\ofxBox2d\libs\Box2D\Collision\Shapes\b2EdgeShape.cpp">
      <Filter>addons\ofxBox2d\libs\Box2D\Collision\Shapes</Filter>
    </ClCompile>
    <ClCompile Include="..\..\..\addons\ofxBox2d\libs\Box2D\Collision\Shapes\b2PolygonShape.cpp">
      <Filter>addons\ofxBox2d\libs\Box2D\Collision\Shapes</Filter>
    </ClCompile>
    <ClCompile Include="..\..\..\addons\ofxBox2d\libs\Box2D\Common\b2BlockAllocator.cpp">
      <Filter>addons\ofxBox2d\libs\Box2D\Common</Filter>
    </ClCompile>
    <ClCompile Include="..\..\..\addons\ofxBox2d\libs\Box2D\Common\b2Draw.cpp">
      <Filter>addons\ofxBox2d\libs\Box2D\Common</Filter>
    </ClCompile>
    <ClCompile Include="..\..\..\addons\ofxBox2d\libs\Box2D\Common\b2Math.cpp">
      <Filter>addons\ofxBox2d\libs\Box2D\Common</Filter>
    </ClCompile>
    <ClCompile Include="..\..\..\addons\ofxBox2d\libs\Box2D\Common\b2Settings.cpp">
      <Filter>addons\ofxBox2d\libs\Box2D\Common</Filter>
    </ClCompile>
    <ClCompile Include="..\..\..\addons\ofxBox2d\libs\Box2D\Common\b2StackAllocator.cpp">
      <Filter>addons\ofxBox2d\libs\Box2D\Common</Filter>
    </ClCompile>
    <ClCompile Include="..\..\..\addons\ofxBox2d\libs\Box2D\Common\b2Timer.cpp">
      <Filter>addons\ofxBox2d\libs\Box2D\Common</Filter>
    </ClCompile>
    <ClCompile Include="..\..\..\addons\ofxBox2d\libs\Box2D\Dynamics\b2Body.cpp">
      <Filter>addons\ofxBox2d\libs\Box2D\Dynamics</Filter>
    </ClCompile>
    <ClCompile Include="..\..\..\addons\ofxBox2d\libs\Box2D\Dynamics\b2ContactManager.cpp">
      <Filter>addons\ofxBox2d\libs\Box2D\Dynamics</Filter>
    </ClCompile>
    <ClCompile Include="..\..\..\addons\ofxBox2d\libs\Box2D\Dynamics\b2Fixture.cpp">
      <Filter>addons\ofxBox2d\libs\Box2D\Dynamics</Filter>
    </ClCompile>
    <ClCompile Include="..\..\..\addons\ofxBox2d\libs\Box2D\Dynamics\b2Island.cpp">
      <Filter>addons\ofxBox2d\libs\Box2D\Dynamics</Filter>
    </ClCompile>
    <ClCompile Include="..\..\..\addons\ofxBox2d\libs\Box2D\Dynamics\b2World.cpp">
      <Filter>addons\ofxBox2d\libs\Box2D\Dynamics</Filter>
    </ClCompile>
    <ClCompile Include="..\..\..\addons\ofxBox2d\libs\Box2D\Dynamics\b2WorldCallbacks.cpp">
      <Filter>addons\ofxBox2d\libs\Box2D\Dynamics</Filter>
    </ClCompile>
    <ClCompile Include="..\..\..\addons\ofxBox2d\libs\Box2D\Dynamics\Contacts\b2ChainAndCircleContact.cpp">
      <Filter>addons\ofxBox2d\libs\Box2D\Dynamics\Contacts</Filter>
    </ClCompile>
    <ClCompile Include="..\..\..\addons\ofxBox2d\libs\Box2D\Dynamics\Contacts\b2ChainAndPolygonContact.cpp">
      <Filter>addons\ofxBox2d\libs\Box2D\Dynamics\Contacts</Filter>
    </ClCompile>
    <ClCompile Include="..\..\..\addons\ofxBox2d\libs\Box2D\Dynamics\Contacts\b2CircleContact.cpp">
      <Filter>addons\ofxBox2d\libs\Box2D\Dynamics\Contacts</Filter>
    </ClCompile>
    <ClCompile Include="..\..\..\addons\ofxBox2d\libs\Box2D\Dynamics\Contacts\b2Contact.cpp">
      <Filter>addons\ofxBox2d\libs\Box2D\Dynamics\Contacts</Filter>
    </ClCompile>
    <ClCompile Include="..\..\..\addons\ofxBox2d\libs\Box2D\Dynamics\Contacts\b2ContactSolver.cpp">
      <Filter>addons\ofxBox2d\libs\Box2D\Dynamics\Contacts</Filter>
    </ClCompile>
    <ClCompile Include="..\..\..\addons\ofxBox2d\libs\Box2D\Dynamics\Contacts\b2EdgeAndCircleContact.cpp">
      <Filter>addons\ofxBox2d\libs\Box2D\Dynamics\Contacts</Filter>
    </ClCompile>
    <ClCompile Include="..\..\..\addons\ofxBox2d\libs\Box2D\Dynamics\Contacts\b2EdgeAndPolygonContact.cpp">
      <Filter>addons\ofxBox2d\libs\Box2D\Dynamics\Contacts</Filter>
    </ClCompile>
    <ClCompile Include="..\..\..\addons\ofxBox2d\libs\Box2D\Dynamics\Contacts\b2PolygonAndCircleContact.cpp">
      <Filter>addons\ofxBox2d\libs\Box2D\Dynamics\Contacts</Filter>
    </ClCompile>
    <ClCompile Include="..\..\..\addons\ofxBox2d\libs\Box2D\Dynamics\Contacts\b2PolygonContact.cpp">
      <Filter>addons\ofxBox2d\libs\Box2D\Dynamics\Contacts</Filter>
    </ClCompile>
    <ClCompile Include="..\..\..\addons\ofxBox2d\libs\Box2D\Dynamics\Joints\b2DistanceJoint.cpp">
      <Filter>addons\ofxBox2d\libs\Box2D\Dynamics\Joints</Filter>
    </ClCompile>
    <ClCompile Include="..\..\..\addons\ofxBox2d\libs\Box2D\Dynamics\Joints\b2FrictionJoint.cpp">
      <Filter>addons\ofxBox2d\libs\Box2D\Dynamics\Joints</Filter>
    </ClCompile>
    <ClCompile Include="..\..\..\addons\ofxBox2d\libs\Box2D\Dynamics\Joints\b2GearJoint.cpp">
      <Filter>addons\ofxBox2d\libs\Box2D\Dynamics\Joints</Filter>
    </ClCompile>
    <ClCompile Include="..\..\..\addons\ofxBox2d\libs\Box2D\Dynamics\Joints\b2Joint.cpp">
      <Filter>addons\ofxBox2d\libs\Box2D\Dynamics\Joints</Filter>
    </ClCompile>
    <ClCompile Include="..\..\..\addons\ofxBox2d\libs\Box2D\Dynamics\Joints\b2MotorJoint.cpp">
      <Filter>addons\ofxBox2d\libs\Box2D\Dynamics\Joints</Filter>
    </ClCompile>
    <ClCompile Include="..\..\..\addons\ofxBox2d\libs\Box2D\Dynamics\Joints\b2MouseJoint.cpp">
      <Filter>addons\ofxBox2d\libs\Box2D\Dynamics\Joints</Filter>
    </ClCompile>
    <ClCompile Include="..\..\..\addons\ofxBox2d\libs\Box2D\Dynamics\Joints\b2PrismaticJoint.cpp">
      <Filter>addons\ofxBox2d\libs\Box2D\Dynamics\Joints</Filter>
    </ClCompile>
    <ClCompile Include="..\..\..\addons\ofxBox2d\libs\Box2D\Dynamics\Joints\b2PulleyJoint.cpp">
      <Filter>addons\ofxBox2d\libs\Box2D\Dynamics\Joints</Filter>
    </ClCompile>
    <ClCompile Include="..\..\..\addons\ofxBox2d\libs\Box2D\Dynamics\Joints\b2RevoluteJoint.cpp">
      <Filter>addons\ofxBox2d\libs\Box2D\Dynamics\Joints</Filter>
    </ClCompile>
    <ClCompile Include="..\..\..\addons\ofxBox2d\libs\Box2D\Dynamics\Joints\b2RopeJoint.cpp">
      <Filter>addons\ofxBox2d\libs\Box2D\Dynamics\Joints</Filter>
    </ClCompile>
    <ClCompile Include="..\..\..\addons\ofxBox2d\libs\Box2D\Dynamics\Joints\b2WeldJoint.cpp">
      <Filter>addons\ofxBox2d\libs\Box2D\Dynamics\Joints</Filter>
    </ClCompile>
    <ClCompile Include="..\..\..\addons\ofxBox2d\libs\Box2D\Dynamics\Joints\b2WheelJoint.cpp">
      <Filter>addons\ofxBox2d\libs\Box2D\Dynamics\Joints</Filter>
    </ClCompile>
    <ClCompile Include="..\..\..\addons\ofxBox2d\libs\Box2D\Rope\b2Rope.cpp">
      <Filter>addons\ofxBox2d\libs\Box2D\Rope</Filter>
    </ClCompile>
    <ClCompile Include="..\..\..\addons\ofxBox2d\libs\triangle\del_impl.cpp">
      <Filter>addons\ofxBox2d\libs\triangle</Filter>
    </ClCompile>
    <ClCompile Include="..\..\..\addons\ofxFlowTools\src\drawforces\ftDrawForce.cpp">
      <Filter>addons\ofxFlowTools\src\drawforces</Filter>
    </ClCompile>
    <ClCompile Include="..\..\..\addons\ofxFlowTools\src\drawforces\ftDrawMouseForces.cpp">
      <Filter>addons\ofxFlowTools\src\drawforces</Filter>
    </ClCompile>
    <ClCompile Include="..\..\..\addons\ofxFlowTools\src\fluid\ftFluidSimulation.cpp">
      <Filter>addons\ofxFlowTools\src\fluid</Filter>
    </ClCompile>
    <ClCompile Include="..\..\..\addons\ofxFlowTools\src\mask\ftVelocityMask.cpp">
      <Filter>addons\ofxFlowTools\src\mask</Filter>
    </ClCompile>
    <ClCompile Include="..\..\..\addons\ofxFlowTools\src\opticalflow\ftOpticalFlow.cpp">
      <Filter>addons\ofxFlowTools\src\opticalflow</Filter>
    </ClCompile>
    <ClCompile Include="..\..\..\addons\ofxFlowTools\src\particles\ftParticleFlow.cpp">
      <Filter>addons\ofxFlowTools\src\particles</Filter>
    </ClCompile>
    <ClCompile Include="..\..\..\addons\ofxFlowTools\src\splitvelocity\ftSvAverage.cpp">
      <Filter>addons\ofxFlowTools\src\splitvelocity</Filter>
    </ClCompile>
    <ClCompile Include="..\..\..\addons\ofxFlowTools\src\tools\ftAverageVelocity.cpp">
      <Filter>addons\ofxFlowTools\src\tools</Filter>
    </ClCompile>
  </ItemGroup>
  <ItemGroup>
    <Filter Include="src">
      <UniqueIdentifier>{d8376475-7454-4a24-b08a-aac121d3ad6f}</UniqueIdentifier>
    </Filter>
    <Filter Include="addons">
      <UniqueIdentifier>{71834F65-F3A9-211E-73B8-DC85}</UniqueIdentifier>
    </Filter>
    <Filter Include="addons\ofxGui">
      <UniqueIdentifier>{8e5c5fc0-323d-48fd-b701-f2d7a2144028}</UniqueIdentifier>
    </Filter>
    <Filter Include="addons\ofxGui\src">
      <UniqueIdentifier>{a0eb3637-bb89-42e3-920e-a27f8aa7a8d6}</UniqueIdentifier>
    </Filter>
    <Filter Include="addons\ofxBox2d">
      <UniqueIdentifier>{f1f953fc-a181-418a-b596-15cec7286bed}</UniqueIdentifier>
    </Filter>
    <Filter Include="addons\ofxBox2d\src">
      <UniqueIdentifier>{ab4e360f-c2a3-49a2-af0d-3d41253ba8d5}</UniqueIdentifier>
    </Filter>
    <Filter Include="addons\ofxBox2d\libs">
      <UniqueIdentifier>{accf9c83-17df-4ed8-bcd4-71be08378ffb}</UniqueIdentifier>
    </Filter>
    <Filter Include="addons\ofxBox2d\libs\Box2D">
      <UniqueIdentifier>{bc240317-4ed0-41c3-8058-5af88489a579}</UniqueIdentifier>
    </Filter>
    <Filter Include="addons\ofxBox2d\libs\Box2D\Collision">
      <UniqueIdentifier>{bcab06c0-ec57-48d9-812b-5cbef7802945}</UniqueIdentifier>
    </Filter>
    <Filter Include="addons\ofxBox2d\libs\Box2D\Collision\Shapes">
      <UniqueIdentifier>{a483abb8-7561-450f-b2ba-e21967d1bd81}</UniqueIdentifier>
    </Filter>
    <Filter Include="addons\ofxBox2d\libs\Box2D\Common">
      <UniqueIdentifier>{bb6b39a3-966b-4660-bc4d-a1316c75d586}</UniqueIdentifier>
    </Filter>
    <Filter Include="addons\ofxBox2d\libs\Box2D\Dynamics">
      <UniqueIdentifier>{fa5c0c94-5fbf-4681-9d57-b75775a8dea8}</UniqueIdentifier>
    </Filter>
    <Filter Include="addons\ofxBox2d\libs\Box2D\Dynamics\Contacts">
      <UniqueIdentifier>{6be4e008-61ba-4b29-9082-8ca685a5d9a5}</UniqueIdentifier>
    </Filter>
    <Filter Include="addons\ofxBox2d\libs\Box2D\Dynamics\Joints">
      <UniqueIdentifier>{1045cc41-4a4f-4d8f-bd2b-4f5cd37a176b}</UniqueIdentifier>
    </Filter>
    <Filter Include="addons\ofxBox2d\libs\Box2D\Rope">
      <UniqueIdentifier>{b57fffda-2504-4623-8f49-75fbae2719aa}</UniqueIdentifier>
    </Filter>
    <Filter Include="addons\ofxBox2d\libs\triangle">
      <UniqueIdentifier>{e73d1762-b3c3-458f-8f69-a4bbe88ad983}</UniqueIdentifier>
    </Filter>
    <Filter Include="addons\ofxFlowTools">
      <UniqueIdentifier>{0d72a223-a24b-4c70-9f5f-f361c6c301c6}</UniqueIdentifier>
    </Filter>
    <Filter Include="addons\ofxFlowTools\src">
      <UniqueIdentifier>{2130e46c-74c3-47f6-93a9-dcb988e5f5fd}</UniqueIdentifier>
    </Filter>
    <Filter Include="addons\ofxFlowTools\src\drawforces">
      <UniqueIdentifier>{dd28c56f-8ece-40f5-817f-0808b1cb5a2a}</UniqueIdentifier>
    </Filter>
    <Filter Include="addons\ofxFlowTools\src\filters">
      <UniqueIdentifier>{99a67784-650b-4495-ba59-af8cadb8045d}</UniqueIdentifier>
    </Filter>
    <Filter Include="addons\ofxFlowTools\src\fluid">
      <UniqueIdentifier>{aa4a8056-f6d8-43fe-b0bd-b5f33341fb40}</UniqueIdentifier>
    </Filter>
    <Filter Include="addons\ofxFlowTools\src\mask">
      <UniqueIdentifier>{cb457ca4-f2ce-49e1-9598-e302fc3afc53}</UniqueIdentifier>
    </Filter>
    <Filter Include="addons\ofxFlowTools\src\opticalflow">
      <UniqueIdentifier>{a73298d4-b03c-4c93-b147-950a60e51c70}</UniqueIdentifier>
    </Filter>
    <Filter Include="addons\ofxFlowTools\src\particles">
      <UniqueIdentifier>{f8eef9cb-6fd5-49c6-a451-0a2788836261}</UniqueIdentifier>
    </Filter>
    <Filter Include="addons\ofxFlowTools\src\splitvelocity">
      <UniqueIdentifier>{ec871706-562a-4535-ac27-9b541fc58388}</UniqueIdentifier>
    </Filter>
    <Filter Include="addons\ofxFlowTools\src\tools">
      <UniqueIdentifier>{76b3dc9f-a83f-495c-ad47-076824541baa}</UniqueIdentifier>
    </Filter>
    <Filter Include="addons\ofxFlowTools\src\visualisation">
      <UniqueIdentifier>{1f3abc76-634c-4693-9abe-16693e5cf00b}</UniqueIdentifier>
    </Filter>
  </ItemGroup>
  <ItemGroup>
    <ClInclude Include="src\ofApp.h">
      <Filter>src</Filter>
    </ClInclude>
    <ClInclude Include="..\..\..\addons\ofxGui\src\ofxBaseGui.h">
      <Filter>addons\ofxGui\src</Filter>
    </ClInclude>
    <ClInclude Include="..\..\..\addons\ofxGui\src\ofxButton.h">
      <Filter>addons\ofxGui\src</Filter>
    </ClInclude>
    <ClInclude Include="..\..\..\addons\ofxGui\src\ofxGui.h">
      <Filter>addons\ofxGui\src</Filter>
    </ClInclude>
    <ClInclude Include="..\..\..\addons\ofxGui\src\ofxGuiGroup.h">
      <Filter>addons\ofxGui\src</Filter>
    </ClInclude>
    <ClInclude Include="..\..\..\addons\ofxGui\src\ofxLabel.h">
      <Filter>addons\ofxGui\src</Filter>
    </ClInclude>
    <ClInclude Include="..\..\..\addons\ofxGui\src\ofxPanel.h">
      <Filter>addons\ofxGui\src</Filter>
    </ClInclude>
    <ClInclude Include="..\..\..\addons\ofxGui\src\ofxSlider.h">
      <Filter>addons\ofxGui\src</Filter>
    </ClInclude>
    <ClInclude Include="..\..\..\addons\ofxGui\src\ofxSliderGroup.h">
      <Filter>addons\ofxGui\src</Filter>
    </ClInclude>
    <ClInclude Include="..\..\..\addons\ofxGui\src\ofxToggle.h">
      <Filter>addons\ofxGui\src</Filter>
    </ClInclude>
    <ClInclude Include="..\..\..\addons\ofxBox2d\src\ofxBox2d.h">
      <Filter>addons\ofxBox2d\src</Filter>
    </ClInclude>
    <ClInclude Include="..\..\..\addons\ofxBox2d\src\ofxBox2dBaseShape.h">
      <Filter>addons\ofxBox2d\src</Filter>
    </ClInclude>
    <ClInclude Include="..\..\..\addons\ofxBox2d\src\ofxBox2dCircle.h">
      <Filter>addons\ofxBox2d\src</Filter>
    </ClInclude>
    <ClInclude Include="..\..\..\addons\ofxBox2d\src\ofxBox2dContactListener.h">
      <Filter>addons\ofxBox2d\src</Filter>
    </ClInclude>
    <ClInclude Include="..\..\..\addons\ofxBox2d\src\ofxBox2dConvexPoly.h">
      <Filter>addons\ofxBox2d\src</Filter>
    </ClInclude>
    <ClInclude Include="..\..\..\addons\ofxBox2d\src\ofxBox2dEdge.h">
      <Filter>addons\ofxBox2d\src</Filter>
    </ClInclude>
    <ClInclude Include="..\..\..\addons\ofxBox2d\src\ofxBox2dJoint.h">
      <Filter>addons\ofxBox2d\src</Filter>
    </ClInclude>
    <ClInclude Include="..\..\..\addons\ofxBox2d\src\ofxBox2dPolygon.h">
      <Filter>addons\ofxBox2d\src</Filter>
    </ClInclude>
    <ClInclude Include="..\..\..\addons\ofxBox2d\src\ofxBox2dPolygonUtils.h">
      <Filter>addons\ofxBox2d\src</Filter>
    </ClInclude>
    <ClInclude Include="..\..\..\addons\ofxBox2d\src\ofxBox2dRect.h">
      <Filter>addons\ofxBox2d\src</Filter>
    </ClInclude>
    <ClInclude Include="..\..\..\addons\ofxBox2d\src\ofxBox2dRender.h">
      <Filter>addons\ofxBox2d\src</Filter>
    </ClInclude>
    <ClInclude Include="..\..\..\addons\ofxBox2d\src\ofxBox2dUtils.h">
      <Filter>addons\ofxBox2d\src</Filter>
    </ClInclude>
    <ClInclude Include="..\..\..\addons\ofxBox2d\libs\Box2D\Box2D.h">
      <Filter>addons\ofxBox2d\libs\Box2D</Filter>
    </ClInclude>
    <ClInclude Include="..\..\..\addons\ofxBox2d\libs\Box2D\Collision\b2BroadPhase.h">
      <Filter>addons\ofxBox2d\libs\Box2D\Collision</Filter>
    </ClInclude>
    <ClInclude Include="..\..\..\addons\ofxBox2d\libs\Box2D\Collision\b2Collision.h">
      <Filter>addons\ofxBox2d\libs\Box2D\Collision</Filter>
    </ClInclude>
    <ClInclude Include="..\..\..\addons\ofxBox2d\libs\Box2D\Collision\b2Distance.h">
      <Filter>addons\ofxBox2d\libs\Box2D\Collision</Filter>
    </ClInclude>
    <ClInclude Include="..\..\..\addons\ofxBox2d\libs\Box2D\Collision\b2DynamicTree.h">
      <Filter>addons\ofxBox2d\libs\Box2D\Collision</Filter>
    </ClInclude>
    <ClInclude Include="..\..\..\addons\ofxBox2d\libs\Box2D\Collision\b2TimeOfImpact.h">
      <Filter>addons\ofxBox2d\libs\Box2D\Collision</Filter>
    </ClInclude>
    <ClInclude Include="..\..\..\addons\ofxBox2d\libs\Box2D\Collision\Shapes\b2ChainShape.h">
      <Filter>addons\ofxBox2d\libs\Box2D\Collision\Shapes</Filter>
    </ClInclude>
    <ClInclude Include="..\..\..\addons\ofxBox2d\libs\Box2D\Collision\Shapes\b2CircleShape.h">
      <Filter>addons\ofxBox2d\libs\Box2D\Collision\Shapes</Filter>
    </ClInclude>
    <ClInclude Include="..\..\..\addons\ofxBox2d\libs\Box2D\Collision\Shapes\b2EdgeShape.h">
      <Filter>addons\ofxBox2d\libs\Box2D\Collision\Shapes</Filter>
    </ClInclude>
    <ClInclude Include="..\..\..\addons\ofxBox2d\libs\Box2D\Collision\Shapes\b2PolygonShape.h">
      <Filter>addons\ofxBox2d\libs\Box2D\Collision\Shapes</Filter>
    </ClInclude>
    <ClInclude Include="..\..\..\addons\ofxBox2d\libs\Box2D\Collision\Shapes\b2Shape.h">
      <Filter>addons\ofxBox2d\libs\Box2D\Collision\Shapes</Filter>
    </ClInclude>
    <ClInclude Include="..\..\..\addons\ofxBox2d\libs\Box2D\Common\b2BlockAllocator.h">
      <Filter>addons\ofxBox2d\libs\Box2D\Common</Filter>
    </ClInclude>
    <ClInclude Include="..\..\..\addons\ofxBox2d\libs\Box2D\Common\b2Draw.h">
      <Filter>addons\ofxBox2d\libs\Box2D\Common</Filter>
    </ClInclude>
    <ClInclude Include="..\..\..\addons\ofxBox2d\libs\Box2D\Common\b2GrowableStack.h">
      <Filter>addons\ofxBox2d\libs\Box2D\Common</Filter>
    </ClInclude>
    <ClInclude Include="..\..\..\addons\ofxBox2d\libs\Box2D\Common\b2Math.h">
      <Filter>addons\ofxBox2d\libs\Box2D\Common</Filter>
    </ClInclude>
    <ClInclude Include="..\..\..\addons\ofxBox2d\libs\Box2D\Common\b2Settings.h">
      <Filter>addons\ofxBox2d\libs\Box2D\Common</Filter>
    </ClInclude>
    <ClInclude Include="..\..\..\addons\ofxBox2d\libs\Box2D\Common\b2StackAllocator.h">
      <Filter>addons\ofxBox2d\libs\Box2D\Common</Filter>
    </ClInclude>
    <ClInclude Include="..\..\..\addons\ofxBox2d\libs\Box2D\Common\b2Timer.h">
      <Filter>addons\ofxBox2d\libs\Box2D\Common</Filter>
    </ClInclude>
    <ClInclude Include="..\..\..\addons\ofxBox2d\libs\Box2D\Dynamics\b2Body.h">
      <Filter>addons\ofxBox2d\libs\Box2D\Dynamics</Filter>
    </ClInclude>
    <ClInclude Include="..\..\..\addons\ofxBox2d\libs\Box2D\Dynamics\b2ContactManager.h">
      <Filter>addons\ofxBox2d\libs\Box2D\Dynamics</Filter>
    </ClInclude>
    <ClInclude Include="..\..\..\addons\ofxBox2d\libs\Box2D\Dynamics\b2Fixture.h">
      <Filter>addons\ofxBox2d\libs\Box2D\Dynamics</Filter>
    </ClInclude>
    <ClInclude Include="..\..\..\addons\ofxBox2d\libs\Box2D\Dynamics\b2Island.h">
      <Filter>addons\ofxBox2d\libs\Box2D\Dynamics</Filter>
    </ClInclude>
    <ClInclude Include="..\..\..\addons\ofxBox2d\libs\Box2D\Dynamics\b2TimeStep.h">
      <Filter>addons\ofxBox2d\libs\Box2D\Dynamics</Filter>
    </ClInclude>
    <ClInclude Include="..\..\..\addons\ofxBox2d\libs\Box2D\Dynamics\b2World.h">
      <Filter>addons\ofxBox2d\libs\Box2D\Dynamics</Filter>
    </ClInclude>
    <ClInclude Include="..\..\..\addons\ofxBox2d\libs\Box2D\Dynamics\b2WorldCallbacks.h">
      <Filter>addons\ofxBox2d\libs\Box2D\Dynamics</Filter>
    </ClInclude>
    <ClInclude Include="..\..\..\addons\ofxBox2d\libs\Box2D\Dynamics\Contacts\b2ChainAndCircleContact.h">
      <Filter>addons\ofxBox2d\libs\Box2D\Dynamics\Contacts</Filter>
    </ClInclude>
    <ClInclude Include="..\..\..\addons\ofxBox2d\libs\Box2D\Dynamics\Contacts\b2ChainAndPolygonContact.h">
      <Filter>addons\ofxBox2d\libs\Box2D\Dynamics\Contacts</Filter>
    </ClInclude>
    <ClInclude Include="..\..\..\addons\ofxBox2d\libs\Box2D\Dynamics\Contacts\b2CircleContact.h">
      <Filter>addons\ofxBox2d\libs\Box2D\Dynamics\Contacts</Filter>
    </ClInclude>
    <ClInclude Include="..\..\..\addons\ofxBox2d\libs\Box2D\Dynamics\Contacts\b2Contact.h">
      <Filter>addons\ofxBox2d\libs\Box2D\Dynamics\Contacts</Filter>
    </ClInclude>
    <ClInclude Include="..\..\..\addons\ofxBox2d\libs\Box2D\Dynamics\Contacts\b2ContactSolver.h">
      <Filter>addons\ofxBox2d\libs\Box2D\Dynamics\Contacts</Filter>
    </ClInclude>
    <ClInclude Include="..\..\..\addons\ofxBox2d\libs\Box2D\Dynamics\Contacts\b2EdgeAndCircleContact.h">
      <Filter>addons\ofxBox2d\libs\Box2D\Dynamics\Contacts</Filter>
    </ClInclude>
    <ClInclude Include="..\..\..\addons\ofxBox2d\libs\Box2D\Dynamics\Contacts\b2EdgeAndPolygonContact.h">
      <Filter>addons\ofxBox2d\libs\Box2D\Dynamics\Contacts</Filter>
    </ClInclude>
    <ClInclude Include="..\..\..\addons\ofxBox2d\libs\Box2D\Dynamics\Contacts\b2PolygonAndCircleContact.h">
      <Filter>addons\ofxBox2d\libs\Box2D\Dynamics\Contacts</Filter>
    </ClInclude>
    <ClInclude Include="..\..\..\addons\ofxBox2d\libs\Box2D\Dynamics\Contacts\b2PolygonContact.h">
      <Filter>addons\ofxBox2d\libs\Box2D\Dynamics\Contacts</Filter>
    </ClInclude>
    <ClInclude Include="..\..\..\addons\ofxBox2d\libs\Box2D\Dynamics\Joints\b2DistanceJoint.h">
      <Filter>addons\ofxBox2d\libs\Box2D\Dynamics\Joints</Filter>
    </ClInclude>
    <ClInclude Include="..\..\..\addons\ofxBox2d\libs\Box2D\Dynamics\Joints\b2FrictionJoint.h">
      <Filter>addons\ofxBox2d\libs\Box2D\Dynamics\Joints</Filter>
    </ClInclude>
    <ClInclude Include="..\..\..\addons\ofxBox2d\libs\Box2D\Dynamics\Joints\b2GearJoint.h">
      <Filter>addons\ofxBox2d\libs\Box2D\Dynamics\Joints</Filter>
    </ClInclude>
    <ClInclude Include="..\..\..\addons\ofxBox2d\libs\Box2D\Dynamics\Joints\b2Joint.h">
      <Filter>addons\ofxBox2d\libs\Box2D\Dynamics\Joints</Filter>
    </ClInclude>
    <ClInclude Include="..\..\..\addons\ofxBox2d\libs\Box2D\Dynamics\Joints\b2MotorJoint.h">
      <Filter>addons\ofxBox2d\libs\Box2D\Dynamics\Joints</Filter>
    </ClInclude>
    <ClInclude Include="..\..\..\addons\ofxBox2d\libs\Box2D\Dynamics\Joints\b2MouseJoint.h">
      <Filter>addons\ofxBox2d\libs\Box2D\Dynamics\Joints</Filter>
    </ClInclude>
    <ClInclude Include="..\..\..\addons\ofxBox2d\libs\Box2D\Dynamics\Joints\b2PrismaticJoint.h">
      <Filter>addons\ofxBox2d\libs\Box2D\Dynamics\Joints</Filter>
    </ClInclude>
    <ClInclude Include="..\..\..\addons\ofxBox2d\libs\Box2D\Dynamics\Joints\b2PulleyJoint.h">
      <Filter>addons\ofxBox2d\libs\Box2D\Dynamics\Joints</Filter>
    </ClInclude>
    <ClInclude Include="..\..\..\addons\ofxBox2d\libs\Box2D\Dynamics\Joints\b2RevoluteJoint.h">
      <Filter>addons\ofxBox2d\libs\Box2D\Dynamics\Joints</Filter>
    </ClInclude>
    <ClInclude Include="..\..\..\addons\ofxBox2d\libs\Box2D\Dynamics\Joints\b2RopeJoint.h">
      <Filter>addons\ofxBox2d\libs\Box2D\Dynamics\Joints</Filter>
    </ClInclude>
    <ClInclude Include="..\..\..\addons\ofxBox2d\libs\Box2D\Dynamics\Joints\b2WeldJoint.h">
      <Filter>addons\ofxBox2d\libs\Box2D\Dynamics\Joints</Filter>
    </ClInclude>
    <ClInclude Include="..\..\..\addons\ofxBox2d\libs\Box2D\Dynamics\Joints\b2WheelJoint.h">
      <Filter>addons\ofxBox2d\libs\Box2D\Dynamics\Joints</Filter>
    </ClInclude>
    <ClInclude Include="..\..\..\addons\ofxBox2d\libs\Box2D\Rope\b2Rope.h">
      <Filter>addons\ofxBox2d\libs\Box2D\Rope</Filter>
    </ClInclude>
    <ClInclude Include="..\..\..\addons\ofxBox2d\libs\triangle\triangle.h">
      <Filter>addons\ofxBox2d\libs\triangle</Filter>
    </ClInclude>
    <ClInclude Include="..\..\..\addons\ofxBox2d\libs\triangle\assert.hpp">
      <Filter>addons\ofxBox2d\libs\triangle</Filter>
    </ClInclude>
    <ClInclude Include="..\..\..\addons\ofxBox2d\libs\triangle\del_interface.hpp">
      <Filter>addons\ofxBox2d\libs\triangle</Filter>
    </ClInclude>
    <ClInclude Include="..\..\..\addons\ofxBox2d\libs\triangle\dpoint.hpp">
      <Filter>addons\ofxBox2d\libs\triangle</Filter>
    </ClInclude>
    <ClInclude Include="..\..\..\addons\ofxBox2d\libs\triangle\triangle_impl.hpp">
      <Filter>addons\ofxBox2d\libs\triangle</Filter>
    </ClInclude>
    <ClInclude Include="..\..\..\addons\ofxFlowTools\src\ftFbo.h">
      <Filter>addons\ofxFlowTools\src</Filter>
    </ClInclude>
    <ClInclude Include="..\..\..\addons\ofxFlowTools\src\ftShader.h">
      <Filter>addons\ofxFlowTools\src</Filter>
    </ClInclude>
    <ClInclude Include="..\..\..\addons\ofxFlowTools\src\ftSwapBuffer.h">
      <Filter>addons\ofxFlowTools\src</Filter>
    </ClInclude>
    <ClInclude Include="..\..\..\addons\ofxFlowTools\src\ftSwapFbo.h">
      <Filter>addons\ofxFlowTools\src</Filter>
    </ClInclude>
    <ClInclude Include="..\..\..\addons\ofxFlowTools\src\ofxFlowTools.h">
      <Filter>addons\ofxFlowTools\src</Filter>
    </ClInclude>
    <ClInclude Include="..\..\..\addons\ofxFlowTools\src\drawforces\ftDrawForce.h">
      <Filter>addons\ofxFlowTools\src\drawforces</Filter>
    </ClInclude>
    <ClInclude Include="..\..\..\addons\ofxFlowTools\src\drawforces\ftDrawForceShader.h">
      <Filter>addons\ofxFlowTools\src\drawforces</Filter>
    </ClInclude>
    <ClInclude Include="..\..\..\addons\ofxFlowTools\src\drawforces\ftDrawMouseForces.h">
      <Filter>addons\ofxFlowTools\src\drawforces</Filter>
    </ClInclude>
    <ClInclude Include="..\..\..\addons\ofxFlowTools\src\filters\ftContrastShader.h">
      <Filter>addons\ofxFlowTools\src\filters</Filter>
    </ClInclude>
    <ClInclude Include="..\..\..\addons\ofxFlowTools\src\filters\ftDecayShader.h">
      <Filter>addons\ofxFlowTools\src\filters</Filter>
    </ClInclude>
    <ClInclude Include="..\..\..\addons\ofxFlowTools\src\filters\ftEOGShader.h">
      <Filter>addons\ofxFlowTools\src\filters</Filter>
    </ClInclude>
    <ClInclude Include="..\..\..\addons\ofxFlowTools\src\filters\ftGaussianBlurShader.h">
      <Filter>addons\ofxFlowTools\src\filters</Filter>
    </ClInclude>
    <ClInclude Include="..\..\..\addons\ofxFlowTools\src\filters\ftHSLShader.h">
      <Filter>addons\ofxFlowTools\src\filters</Filter>
    </ClInclude>
    <ClInclude Include="..\..\..\addons\ofxFlowTools\src\filters\ftLuminanceShader.h">
      <Filter>addons\ofxFlowTools\src\filters</Filter>
    </ClInclude>
    <ClInclude Include="..\..\..\addons\ofxFlowTools\src\filters\ftTimeBlurShader.h">
      <Filter>addons\ofxFlowTools\src\filters</Filter>
    </ClInclude>
    <ClInclude Include="..\..\..\addons\ofxFlowTools\src\fluid\ftAdvectShader.h">
      <Filter>addons\ofxFlowTools\src\fluid</Filter>
    </ClInclude>
    <ClInclude Include="..\..\..\addons\ofxFlowTools\src\fluid\ftDiffuseShader.h">
      <Filter>addons\ofxFlowTools\src\fluid</Filter>
    </ClInclude>
    <ClInclude Include="..\..\..\addons\ofxFlowTools\src\fluid\ftDivergenceShader.h">
      <Filter>addons\ofxFlowTools\src\fluid</Filter>
    </ClInclude>
    <ClInclude Include="..\..\..\addons\ofxFlowTools\src\fluid\ftFluidSimulation.h">
      <Filter>addons\ofxFlowTools\src\fluid</Filter>
    </ClInclude>
    <ClInclude Include="..\..\..\addons\ofxFlowTools\src\fluid\ftJacobiShader.h">
      <Filter>addons\ofxFlowTools\src\fluid</Filter>
    </ClInclude>
    <ClInclude Include="..\..\..\addons\ofxFlowTools\src\fluid\ftSmokeBuoyancyShader.h">
      <Filter>addons\ofxFlowTools\src\fluid</Filter>
    </ClInclude>
    <ClInclude Include="..\..\..\addons\ofxFlowTools\src\fluid\ftSubstractGradientShader.h">
      <Filter>addons\ofxFlowTools\src\fluid</Filter>
    </ClInclude>
    <ClInclude Include="..\..\..\addons\ofxFlowTools\src\fluid\ftVorticityFirstPassShader.h">
      <Filter>addons\ofxFlowTools\src\fluid</Filter>
    </ClInclude>
    <ClInclude Include="..\..\..\addons\ofxFlowTools\src\fluid\ftVorticitySecondPassShader.h">
      <Filter>addons\ofxFlowTools\src\fluid</Filter>
    </ClInclude>
    <ClInclude Include="..\..\..\addons\ofxFlowTools\src\mask\ftVelocityMask.h">
      <Filter>addons\ofxFlowTools\src\mask</Filter>
    </ClInclude>
    <ClInclude Include="..\..\..\addons\ofxFlowTools\src\mask\ftVelocityMaskShader.h">
      <Filter>addons\ofxFlowTools\src\mask</Filter>
    </ClInclude>
    <ClInclude Include="..\..\..\addons\ofxFlowTools\src\opticalflow\ftOpticalFlow.h">
      <Filter>addons\ofxFlowTools\src\opticalflow</Filter>
    </ClInclude>
    <ClInclude Include="..\..\..\addons\ofxFlowTools\src\opticalflow\ftOpticalFlowShader.h">
      <Filter>addons\ofxFlowTools\src\opticalflow</Filter>
    </ClInclude>
    <ClInclude Include="..\..\..\addons\ofxFlowTools\src\particles\ftAgeLifespanMassSizeParticleShader.h">
      <Filter>addons\ofxFlowTools\src\particles</Filter>
    </ClInclude>
    <ClInclude Include="..\..\..\addons\ofxFlowTools\src\particles\ftDrawParticleShader.h">
      <Filter>addons\ofxFlowTools\src\particles</Filter>
    </ClInclude>
    <ClInclude Include="..\..\..\addons\ofxFlowTools\src\particles\ftInitPositionShader.h">
      <Filter>addons\ofxFlowTools\src\particles</Filter>
    </ClInclude>
    <ClInclude Include="..\..\..\addons\ofxFlowTools\src\particles\ftMoveParticleShader.h">
      <Filter>addons\ofxFlowTools\src\particles</Filter>
    </ClInclude>
    <ClInclude Include="..\..\..\addons\ofxFlowTools\src\particles\ftParticleFlow.h">
      <Filter>addons\ofxFlowTools\src\particles</Filter>
    </ClInclude>
    <ClInclude Include="..\..\..\addons\ofxFlowTools\src\splitvelocity\ftSvAverage.h">
      <Filter>addons\ofxFlowTools\src\splitvelocity</Filter>
    </ClInclude>
    <ClInclude Include="..\..\..\addons\ofxFlowTools\src\splitvelocity\ftSvDisplayScalar.h">
      <Filter>addons\ofxFlowTools\src\splitvelocity</Filter>
    </ClInclude>
    <ClInclude Include="..\..\..\addons\ofxFlowTools\src\splitvelocity\ftSvDisplayScalarShader.h">
      <Filter>addons\ofxFlowTools\src\splitvelocity</Filter>
    </ClInclude>
    <ClInclude Include="..\..\..\addons\ofxFlowTools\src\splitvelocity\ftSvField.h">
      <Filter>addons\ofxFlowTools\src\splitvelocity</Filter>
    </ClInclude>
    <ClInclude Include="..\..\..\addons\ofxFlowTools\src\splitvelocity\ftSvFieldShader.h">
      <Filter>addons\ofxFlowTools\src\splitvelocity</Filter>
    </ClInclude>
    <ClInclude Include="..\..\..\addons\ofxFlowTools\src\splitvelocity\ftSvFromVelocityShader.h">
      <Filter>addons\ofxFlowTools\src\splitvelocity</Filter>
    </ClInclude>
    <ClInclude Include="..\..\..\addons\ofxFlowTools\src\tools\ftAddForceShader.h">
      <Filter>addons\ofxFlowTools\src\tools</Filter>
    </ClInclude>
    <ClInclude Include="..\..\..\addons\ofxFlowTools\src\tools\ftAverageVelocity.h">
      <Filter>addons\ofxFlowTools\src\tools</Filter>
    </ClInclude>
    <ClInclude Include="..\..\..\addons\ofxFlowTools\src\tools\ftClampLengthShader.h">
      <Filter>addons\ofxFlowTools\src\tools</Filter>
    </ClInclude>
    <ClInclude Include="..\..\..\addons\ofxFlowTools\src\tools\ftDensityFloatMultiplier.h">
      <Filter>addons\ofxFlowTools\src\tools</Filter>
    </ClInclude>
    <ClInclude Include="..\..\..\addons\ofxFlowTools\src\tools\ftDensityVec2Multiplier.h">
      <Filter>addons\ofxFlowTools\src\tools</Filter>
    </ClInclude>
    <ClInclude Include="..\..\..\addons\ofxFlowTools\src\tools\ftEaseShader.h">
      <Filter>addons\ofxFlowTools\src\tools</Filter>
    </ClInclude>
    <ClInclude Include="..\..\..\addons\ofxFlowTools\src\tools\ftNormalizationShader.h">
      <Filter>addons\ofxFlowTools\src\tools</Filter>
    </ClInclude>
    <ClInclude Include="..\..\..\addons\ofxFlowTools\src\tools\ftRedToLuminanceShader.h">
      <Filter>addons\ofxFlowTools\src\tools</Filter>
    </ClInclude>
    <ClInclude Include="..\..\..\addons\ofxFlowTools\src\tools\ftToScalar.h">
      <Filter>addons\ofxFlowTools\src\tools</Filter>
    </ClInclude>
    <ClInclude Include="..\..\..\addons\ofxFlowTools\src\tools\ftToScalarShader.h">
      <Filter>addons\ofxFlowTools\src\tools</Filter>
    </ClInclude>
    <ClInclude Include="..\..\..\addons\ofxFlowTools\src\visualisation\ftDisplayScalar.h">
      <Filter>addons\ofxFlowTools\src\visualisation</Filter>
    </ClInclude>
    <ClInclude Include="..\..\..\addons\ofxFlowTools\src\visualisation\ftDisplayScalarShader.h">
      <Filter>addons\ofxFlowTools\src\visualisation</Filter>
    </ClInclude>
    <ClInclude Include="..\..\..\addons\ofxFlowTools\src\visualisation\ftPressureField.h">
      <Filter>addons\ofxFlowTools\src\visualisation</Filter>
    </ClInclude>
    <ClInclude Include="..\..\..\addons\ofxFlowTools\src\visualisation\ftPressureFieldShader.h">
      <Filter>addons\ofxFlowTools\src\visualisation</Filter>
    </ClInclude>
    <ClInclude Include="..\..\..\addons\ofxFlowTools\src\visualisation\ftTemperatureField.h">
      <Filter>addons\ofxFlowTools\src\visualisation</Filter>
    </ClInclude>
    <ClInclude Include="..\..\..\addons\ofxFlowTools\src\visualisation\ftTemperatureFieldShader.h">
      <Filter>addons\ofxFlowTools\src\visualisation</Filter>
    </ClInclude>
    <ClInclude Include="..\..\..\addons\ofxFlowTools\src\visualisation\ftVelocityField.h">
      <Filter>addons\ofxFlowTools\src\visualisation</Filter>
    </ClInclude>
    <ClInclude Include="..\..\..\addons\ofxFlowTools\src\visualisation\ftVelocityFieldShader.h">
      <Filter>addons\ofxFlowTools\src\visualisation</Filter>
    </ClInclude>
    <ClInclude Include="..\..\..\addons\ofxFlowTools\src\visualisation\ftVelocitySpheres.h">
      <Filter>addons\ofxFlowTools\src\visualisation</Filter>
    </ClInclude>
    <ClInclude Include="..\..\..\addons\ofxFlowTools\src\visualisation\ftVelocitySpheresShader.h">
      <Filter>addons\ofxFlowTools\src\visualisation</Filter>
    </ClInclude>
    <ClInclude Include="..\..\..\addons\ofxFlowTools\src\visualisation\ftVTField.h">
      <Filter>addons\ofxFlowTools\src\visualisation</Filter>
    </ClInclude>
    <ClInclude Include="..\..\..\addons\ofxFlowTools\src\visualisation\ftVTFieldShader.h">
      <Filter>addons\ofxFlowTools\src\visualisation</Filter>
    </ClInclude>
  </ItemGroup>
  <ItemGroup>
    <ResourceCompile Include="icon.rc" />
  </ItemGroup>
</Project>